// !$*UTF8*$!
{
	archiveVersion = 1;
	classes = {
	};
	objectVersion = 50;
	objects = {

/* Begin PBXBuildFile section */
		5089E65421AB382F005E2A7A /* AppDelegate.swift in Sources */ = {isa = PBXBuildFile; fileRef = 5089E65321AB382F005E2A7A /* AppDelegate.swift */; };
		5089E65621AB382F005E2A7A /* FeedMainController.swift in Sources */ = {isa = PBXBuildFile; fileRef = 5089E65521AB382F005E2A7A /* FeedMainController.swift */; };
		5089E65B21AB3830005E2A7A /* Assets.xcassets in Resources */ = {isa = PBXBuildFile; fileRef = 5089E65A21AB3830005E2A7A /* Assets.xcassets */; };
		5089E65E21AB3830005E2A7A /* LaunchScreen.storyboard in Resources */ = {isa = PBXBuildFile; fileRef = 5089E65C21AB3830005E2A7A /* LaunchScreen.storyboard */; };
		5089E66821AB4342005E2A7A /* CellComponents.swift in Sources */ = {isa = PBXBuildFile; fileRef = 5089E66721AB4342005E2A7A /* CellComponents.swift */; };
		5089E66A21AB4367005E2A7A /* PostTextView.swift in Sources */ = {isa = PBXBuildFile; fileRef = 5089E66921AB4367005E2A7A /* PostTextView.swift */; };
		5089E66C21AB439B005E2A7A /* ActionBarView.swift in Sources */ = {isa = PBXBuildFile; fileRef = 5089E66B21AB439B005E2A7A /* ActionBarView.swift */; };
		5089E66E21AB440F005E2A7A /* Extensions.swift in Sources */ = {isa = PBXBuildFile; fileRef = 5089E66D21AB440F005E2A7A /* Extensions.swift */; };
		5089E67021AB4B3D005E2A7A /* PostModel.swift in Sources */ = {isa = PBXBuildFile; fileRef = 5089E66F21AB4B3D005E2A7A /* PostModel.swift */; };
		5089E69421AC934F005E2A7A /* SF-Pro-Text-Regular.otf in Resources */ = {isa = PBXBuildFile; fileRef = 5089E69221AC934F005E2A7A /* SF-Pro-Text-Regular.otf */; };
		5089E69521AC934F005E2A7A /* SF-Pro-Text-Medium.otf in Resources */ = {isa = PBXBuildFile; fileRef = 5089E69321AC934F005E2A7A /* SF-Pro-Text-Medium.otf */; };
		50EE007221AF23F100E35F4C /* PostHeaderView.swift in Sources */ = {isa = PBXBuildFile; fileRef = 50EE007121AF23F100E35F4C /* PostHeaderView.swift */; };
		50EE007421AF27C300E35F4C /* CarouselView.swift in Sources */ = {isa = PBXBuildFile; fileRef = 50EE007321AF27C300E35F4C /* CarouselView.swift */; };
		50EE007621AF29AC00E35F4C /* PagingFlowLayout.swift in Sources */ = {isa = PBXBuildFile; fileRef = 50EE007521AF29AC00E35F4C /* PagingFlowLayout.swift */; };
/* End PBXBuildFile section */

/* Begin PBXFileReference section */
		5089E65021AB382F005E2A7A /* VKMemsClient.app */ = {isa = PBXFileReference; explicitFileType = wrapper.application; includeInIndex = 0; path = VKMemsClient.app; sourceTree = BUILT_PRODUCTS_DIR; };
		5089E65321AB382F005E2A7A /* AppDelegate.swift */ = {isa = PBXFileReference; lastKnownFileType = sourcecode.swift; path = AppDelegate.swift; sourceTree = "<group>"; };
		5089E65521AB382F005E2A7A /* FeedMainController.swift */ = {isa = PBXFileReference; lastKnownFileType = sourcecode.swift; path = FeedMainController.swift; sourceTree = "<group>"; };
		5089E65A21AB3830005E2A7A /* Assets.xcassets */ = {isa = PBXFileReference; lastKnownFileType = folder.assetcatalog; path = Assets.xcassets; sourceTree = "<group>"; };
		5089E65D21AB3830005E2A7A /* Base */ = {isa = PBXFileReference; lastKnownFileType = file.storyboard; name = Base; path = Base.lproj/LaunchScreen.storyboard; sourceTree = "<group>"; };
		5089E65F21AB3830005E2A7A /* Info.plist */ = {isa = PBXFileReference; lastKnownFileType = text.plist.xml; path = Info.plist; sourceTree = "<group>"; };
		5089E66721AB4342005E2A7A /* CellComponents.swift */ = {isa = PBXFileReference; fileEncoding = 4; lastKnownFileType = sourcecode.swift; path = CellComponents.swift; sourceTree = "<group>"; };
		5089E66921AB4367005E2A7A /* PostTextView.swift */ = {isa = PBXFileReference; fileEncoding = 4; lastKnownFileType = sourcecode.swift; path = PostTextView.swift; sourceTree = "<group>"; };
		5089E66B21AB439B005E2A7A /* ActionBarView.swift */ = {isa = PBXFileReference; fileEncoding = 4; lastKnownFileType = sourcecode.swift; path = ActionBarView.swift; sourceTree = "<group>"; };
		5089E66D21AB440F005E2A7A /* Extensions.swift */ = {isa = PBXFileReference; fileEncoding = 4; lastKnownFileType = sourcecode.swift; path = Extensions.swift; sourceTree = "<group>"; };
		5089E66F21AB4B3D005E2A7A /* PostModel.swift */ = {isa = PBXFileReference; lastKnownFileType = sourcecode.swift; path = PostModel.swift; sourceTree = "<group>"; };
		5089E69221AC934F005E2A7A /* SF-Pro-Text-Regular.otf */ = {isa = PBXFileReference; lastKnownFileType = file; path = "SF-Pro-Text-Regular.otf"; sourceTree = "<group>"; };
		5089E69321AC934F005E2A7A /* SF-Pro-Text-Medium.otf */ = {isa = PBXFileReference; lastKnownFileType = file; path = "SF-Pro-Text-Medium.otf"; sourceTree = "<group>"; };
		50EE007121AF23F100E35F4C /* PostHeaderView.swift */ = {isa = PBXFileReference; lastKnownFileType = sourcecode.swift; path = PostHeaderView.swift; sourceTree = "<group>"; };
		50EE007321AF27C300E35F4C /* CarouselView.swift */ = {isa = PBXFileReference; fileEncoding = 4; lastKnownFileType = sourcecode.swift; path = CarouselView.swift; sourceTree = "<group>"; };
		50EE007521AF29AC00E35F4C /* PagingFlowLayout.swift */ = {isa = PBXFileReference; fileEncoding = 4; lastKnownFileType = sourcecode.swift; path = PagingFlowLayout.swift; sourceTree = "<group>"; };
/* End PBXFileReference section */

/* Begin PBXFrameworksBuildPhase section */
		5089E64D21AB382F005E2A7A /* Frameworks */ = {
			isa = PBXFrameworksBuildPhase;
			buildActionMask = 2147483647;
			files = (
			);
			runOnlyForDeploymentPostprocessing = 0;
		};
/* End PBXFrameworksBuildPhase section */

/* Begin PBXGroup section */
		5089E64721AB382F005E2A7A = {
			isa = PBXGroup;
			children = (
				5089E65221AB382F005E2A7A /* VKMemsClient */,
				5089E65121AB382F005E2A7A /* Products */,
			);
			sourceTree = "<group>";
		};
		5089E65121AB382F005E2A7A /* Products */ = {
			isa = PBXGroup;
			children = (
				5089E65021AB382F005E2A7A /* VKMemsClient.app */,
			);
			name = Products;
			sourceTree = "<group>";
		};
		5089E65221AB382F005E2A7A /* VKMemsClient */ = {
			isa = PBXGroup;
			children = (
				5089E65321AB382F005E2A7A /* AppDelegate.swift */,
				5089E65521AB382F005E2A7A /* FeedMainController.swift */,
				5089E66F21AB4B3D005E2A7A /* PostModel.swift */,
				5089E66621AB4334005E2A7A /* cells */,
				5089E65A21AB3830005E2A7A /* Assets.xcassets */,
				5089E66D21AB440F005E2A7A /* Extensions.swift */,
				5089E69121AC934F005E2A7A /* Fonts */,
				5089E65C21AB3830005E2A7A /* LaunchScreen.storyboard */,
				5089E65F21AB3830005E2A7A /* Info.plist */,
			);
			path = VKMemsClient;
			sourceTree = "<group>";
		};
		5089E66621AB4334005E2A7A /* cells */ = {
			isa = PBXGroup;
			children = (
				5089E66721AB4342005E2A7A /* CellComponents.swift */,
				50EE007321AF27C300E35F4C /* CarouselView.swift */,
				50EE007121AF23F100E35F4C /* PostHeaderView.swift */,
				5089E66921AB4367005E2A7A /* PostTextView.swift */,
				50EE007521AF29AC00E35F4C /* PagingFlowLayout.swift */,
				5089E66B21AB439B005E2A7A /* ActionBarView.swift */,
			);
			path = cells;
			sourceTree = "<group>";
		};
		5089E69121AC934F005E2A7A /* Fonts */ = {
			isa = PBXGroup;
			children = (
				5089E69221AC934F005E2A7A /* SF-Pro-Text-Regular.otf */,
				5089E69321AC934F005E2A7A /* SF-Pro-Text-Medium.otf */,
			);
			path = Fonts;
			sourceTree = "<group>";
		};
/* End PBXGroup section */

/* Begin PBXNativeTarget section */
		5089E64F21AB382F005E2A7A /* VKMemsClient */ = {
			isa = PBXNativeTarget;
			buildConfigurationList = 5089E66221AB3830005E2A7A /* Build configuration list for PBXNativeTarget "VKMemsClient" */;
			buildPhases = (
				5089E64C21AB382F005E2A7A /* Sources */,
				5089E68F21AC83A3005E2A7A /* ShellScript */,
				5089E64D21AB382F005E2A7A /* Frameworks */,
				5089E64E21AB382F005E2A7A /* Resources */,
			);
			buildRules = (
			);
			dependencies = (
			);
			name = VKMemsClient;
			productName = VKMemsClient;
			productReference = 5089E65021AB382F005E2A7A /* VKMemsClient.app */;
			productType = "com.apple.product-type.application";
		};
/* End PBXNativeTarget section */

/* Begin PBXProject section */
		5089E64821AB382F005E2A7A /* Project object */ = {
			isa = PBXProject;
			attributes = {
				LastSwiftUpdateCheck = 1010;
				LastUpgradeCheck = 1010;
				ORGANIZATIONNAME = "Denis Karpenko";
				TargetAttributes = {
					5089E64F21AB382F005E2A7A = {
						CreatedOnToolsVersion = 10.1;
					};
				};
			};
			buildConfigurationList = 5089E64B21AB382F005E2A7A /* Build configuration list for PBXProject "VKMemsClient" */;
			compatibilityVersion = "Xcode 9.3";
			developmentRegion = en;
			hasScannedForEncodings = 0;
			knownRegions = (
				en,
				Base,
			);
			mainGroup = 5089E64721AB382F005E2A7A;
			productRefGroup = 5089E65121AB382F005E2A7A /* Products */;
			projectDirPath = "";
			projectRoot = "";
			targets = (
				5089E64F21AB382F005E2A7A /* VKMemsClient */,
			);
		};
/* End PBXProject section */

/* Begin PBXResourcesBuildPhase section */
		5089E64E21AB382F005E2A7A /* Resources */ = {
			isa = PBXResourcesBuildPhase;
			buildActionMask = 2147483647;
			files = (
				5089E69521AC934F005E2A7A /* SF-Pro-Text-Medium.otf in Resources */,
				5089E69421AC934F005E2A7A /* SF-Pro-Text-Regular.otf in Resources */,
				5089E65E21AB3830005E2A7A /* LaunchScreen.storyboard in Resources */,
				5089E65B21AB3830005E2A7A /* Assets.xcassets in Resources */,
			);
			runOnlyForDeploymentPostprocessing = 0;
		};
/* End PBXResourcesBuildPhase section */

/* Begin PBXShellScriptBuildPhase section */
		5089E68F21AC83A3005E2A7A /* ShellScript */ = {
			isa = PBXShellScriptBuildPhase;
			buildActionMask = 2147483647;
			files = (
			);
			inputFileListPaths = (
			);
			inputPaths = (
			);
			outputFileListPaths = (
			);
			outputPaths = (
			);
			runOnlyForDeploymentPostprocessing = 0;
			shellPath = /bin/sh;
			shellScript = "if which swiftlint >/dev/null; then\nswiftlint\nelse\necho \"error: SwiftLint not installed, download from https://github.com/realm/SwiftLint\"\nfi\n";
		};
/* End PBXShellScriptBuildPhase section */

/* Begin PBXSourcesBuildPhase section */
		5089E64C21AB382F005E2A7A /* Sources */ = {
			isa = PBXSourcesBuildPhase;
			buildActionMask = 2147483647;
			files = (
				5089E66C21AB439B005E2A7A /* ActionBarView.swift in Sources */,
				50EE007221AF23F100E35F4C /* PostHeaderView.swift in Sources */,
				5089E66E21AB440F005E2A7A /* Extensions.swift in Sources */,
				50EE007621AF29AC00E35F4C /* PagingFlowLayout.swift in Sources */,
				5089E65621AB382F005E2A7A /* FeedMainController.swift in Sources */,
				50EE007421AF27C300E35F4C /* CarouselView.swift in Sources */,
				5089E67021AB4B3D005E2A7A /* PostModel.swift in Sources */,
				5089E65421AB382F005E2A7A /* AppDelegate.swift in Sources */,
				5089E66821AB4342005E2A7A /* CellComponents.swift in Sources */,
				5089E66A21AB4367005E2A7A /* PostTextView.swift in Sources */,
			);
			runOnlyForDeploymentPostprocessing = 0;
		};
/* End PBXSourcesBuildPhase section */

/* Begin PBXVariantGroup section */
		5089E65C21AB3830005E2A7A /* LaunchScreen.storyboard */ = {
			isa = PBXVariantGroup;
			children = (
				5089E65D21AB3830005E2A7A /* Base */,
			);
			name = LaunchScreen.storyboard;
			sourceTree = "<group>";
		};
/* End PBXVariantGroup section */

/* Begin XCBuildConfiguration section */
		5089E66021AB3830005E2A7A /* Debug */ = {
			isa = XCBuildConfiguration;
			buildSettings = {
				ALWAYS_SEARCH_USER_PATHS = NO;
				CLANG_ANALYZER_NONNULL = YES;
				CLANG_ANALYZER_NUMBER_OBJECT_CONVERSION = YES_AGGRESSIVE;
				CLANG_CXX_LANGUAGE_STANDARD = "gnu++14";
				CLANG_CXX_LIBRARY = "libc++";
				CLANG_ENABLE_MODULES = YES;
				CLANG_ENABLE_OBJC_ARC = YES;
				CLANG_ENABLE_OBJC_WEAK = YES;
				CLANG_WARN_BLOCK_CAPTURE_AUTORELEASING = YES;
				CLANG_WARN_BOOL_CONVERSION = YES;
				CLANG_WARN_COMMA = YES;
				CLANG_WARN_CONSTANT_CONVERSION = YES;
				CLANG_WARN_DEPRECATED_OBJC_IMPLEMENTATIONS = YES;
				CLANG_WARN_DIRECT_OBJC_ISA_USAGE = YES_ERROR;
				CLANG_WARN_DOCUMENTATION_COMMENTS = YES;
				CLANG_WARN_EMPTY_BODY = YES;
				CLANG_WARN_ENUM_CONVERSION = YES;
				CLANG_WARN_INFINITE_RECURSION = YES;
				CLANG_WARN_INT_CONVERSION = YES;
				CLANG_WARN_NON_LITERAL_NULL_CONVERSION = YES;
				CLANG_WARN_OBJC_IMPLICIT_RETAIN_SELF = YES;
				CLANG_WARN_OBJC_LITERAL_CONVERSION = YES;
				CLANG_WARN_OBJC_ROOT_CLASS = YES_ERROR;
				CLANG_WARN_RANGE_LOOP_ANALYSIS = YES;
				CLANG_WARN_STRICT_PROTOTYPES = YES;
				CLANG_WARN_SUSPICIOUS_MOVE = YES;
				CLANG_WARN_UNGUARDED_AVAILABILITY = YES_AGGRESSIVE;
				CLANG_WARN_UNREACHABLE_CODE = YES;
				CLANG_WARN__DUPLICATE_METHOD_MATCH = YES;
				CODE_SIGN_IDENTITY = "iPhone Developer";
				COPY_PHASE_STRIP = NO;
				DEBUG_INFORMATION_FORMAT = dwarf;
				ENABLE_STRICT_OBJC_MSGSEND = YES;
				ENABLE_TESTABILITY = YES;
				GCC_C_LANGUAGE_STANDARD = gnu11;
				GCC_DYNAMIC_NO_PIC = NO;
				GCC_NO_COMMON_BLOCKS = YES;
				GCC_OPTIMIZATION_LEVEL = 0;
				GCC_PREPROCESSOR_DEFINITIONS = (
					"DEBUG=1",
					"$(inherited)",
				);
				GCC_WARN_64_TO_32_BIT_CONVERSION = YES;
				GCC_WARN_ABOUT_RETURN_TYPE = YES_ERROR;
				GCC_WARN_UNDECLARED_SELECTOR = YES;
				GCC_WARN_UNINITIALIZED_AUTOS = YES_AGGRESSIVE;
				GCC_WARN_UNUSED_FUNCTION = YES;
				GCC_WARN_UNUSED_VARIABLE = YES;
				IPHONEOS_DEPLOYMENT_TARGET = 12.1;
				MTL_ENABLE_DEBUG_INFO = INCLUDE_SOURCE;
				MTL_FAST_MATH = YES;
				ONLY_ACTIVE_ARCH = YES;
				SDKROOT = iphoneos;
				SWIFT_ACTIVE_COMPILATION_CONDITIONS = DEBUG;
				SWIFT_OPTIMIZATION_LEVEL = "-Onone";
			};
			name = Debug;
		};
		5089E66121AB3830005E2A7A /* Release */ = {
			isa = XCBuildConfiguration;
			buildSettings = {
				ALWAYS_SEARCH_USER_PATHS = NO;
				CLANG_ANALYZER_NONNULL = YES;
				CLANG_ANALYZER_NUMBER_OBJECT_CONVERSION = YES_AGGRESSIVE;
				CLANG_CXX_LANGUAGE_STANDARD = "gnu++14";
				CLANG_CXX_LIBRARY = "libc++";
				CLANG_ENABLE_MODULES = YES;
				CLANG_ENABLE_OBJC_ARC = YES;
				CLANG_ENABLE_OBJC_WEAK = YES;
				CLANG_WARN_BLOCK_CAPTURE_AUTORELEASING = YES;
				CLANG_WARN_BOOL_CONVERSION = YES;
				CLANG_WARN_COMMA = YES;
				CLANG_WARN_CONSTANT_CONVERSION = YES;
				CLANG_WARN_DEPRECATED_OBJC_IMPLEMENTATIONS = YES;
				CLANG_WARN_DIRECT_OBJC_ISA_USAGE = YES_ERROR;
				CLANG_WARN_DOCUMENTATION_COMMENTS = YES;
				CLANG_WARN_EMPTY_BODY = YES;
				CLANG_WARN_ENUM_CONVERSION = YES;
				CLANG_WARN_INFINITE_RECURSION = YES;
				CLANG_WARN_INT_CONVERSION = YES;
				CLANG_WARN_NON_LITERAL_NULL_CONVERSION = YES;
				CLANG_WARN_OBJC_IMPLICIT_RETAIN_SELF = YES;
				CLANG_WARN_OBJC_LITERAL_CONVERSION = YES;
				CLANG_WARN_OBJC_ROOT_CLASS = YES_ERROR;
				CLANG_WARN_RANGE_LOOP_ANALYSIS = YES;
				CLANG_WARN_STRICT_PROTOTYPES = YES;
				CLANG_WARN_SUSPICIOUS_MOVE = YES;
				CLANG_WARN_UNGUARDED_AVAILABILITY = YES_AGGRESSIVE;
				CLANG_WARN_UNREACHABLE_CODE = YES;
				CLANG_WARN__DUPLICATE_METHOD_MATCH = YES;
				CODE_SIGN_IDENTITY = "iPhone Developer";
				COPY_PHASE_STRIP = NO;
				DEBUG_INFORMATION_FORMAT = "dwarf-with-dsym";
				ENABLE_NS_ASSERTIONS = NO;
				ENABLE_STRICT_OBJC_MSGSEND = YES;
				GCC_C_LANGUAGE_STANDARD = gnu11;
				GCC_NO_COMMON_BLOCKS = YES;
				GCC_WARN_64_TO_32_BIT_CONVERSION = YES;
				GCC_WARN_ABOUT_RETURN_TYPE = YES_ERROR;
				GCC_WARN_UNDECLARED_SELECTOR = YES;
				GCC_WARN_UNINITIALIZED_AUTOS = YES_AGGRESSIVE;
				GCC_WARN_UNUSED_FUNCTION = YES;
				GCC_WARN_UNUSED_VARIABLE = YES;
				IPHONEOS_DEPLOYMENT_TARGET = 12.1;
				MTL_ENABLE_DEBUG_INFO = NO;
				MTL_FAST_MATH = YES;
				SDKROOT = iphoneos;
				SWIFT_COMPILATION_MODE = wholemodule;
				SWIFT_OPTIMIZATION_LEVEL = "-O";
				VALIDATE_PRODUCT = YES;
			};
			name = Release;
		};
		5089E66321AB3830005E2A7A /* Debug */ = {
			isa = XCBuildConfiguration;
			buildSettings = {
				ASSETCATALOG_COMPILER_APPICON_NAME = AppIcon;
				CODE_SIGN_STYLE = Automatic;
				DEVELOPMENT_TEAM = X96WC7QB45;
				INFOPLIST_FILE = VKMemsClient/Info.plist;
				LD_RUNPATH_SEARCH_PATHS = (
					"$(inherited)",
					"@executable_path/Frameworks",
				);
				PRODUCT_BUNDLE_IDENTIFIER = luckyass.VKMemsClient;
				PRODUCT_NAME = "$(TARGET_NAME)";
				SWIFT_VERSION = 4.2;
				TARGETED_DEVICE_FAMILY = 1;
			};
			name = Debug;
		};
		5089E66421AB3830005E2A7A /* Release */ = {
			isa = XCBuildConfiguration;
			buildSettings = {
				ASSETCATALOG_COMPILER_APPICON_NAME = AppIcon;
				CODE_SIGN_STYLE = Automatic;
				DEVELOPMENT_TEAM = X96WC7QB45;
				INFOPLIST_FILE = VKMemsClient/Info.plist;
				LD_RUNPATH_SEARCH_PATHS = (
					"$(inherited)",
					"@executable_path/Frameworks",
				);
				PRODUCT_BUNDLE_IDENTIFIER = luckyass.VKMemsClient;
				PRODUCT_NAME = "$(TARGET_NAME)";
				SWIFT_VERSION = 4.2;
				TARGETED_DEVICE_FAMILY = 1;
			};
			name = Release;
		};
/* End XCBuildConfiguration section */

/* Begin XCConfigurationList section */
		5089E64B21AB382F005E2A7A /* Build configuration list for PBXProject "VKMemsClient" */ = {
			isa = XCConfigurationList;
			buildConfigurations = (
				5089E66021AB3830005E2A7A /* Debug */,
				5089E66121AB3830005E2A7A /* Release */,
			);
			defaultConfigurationIsVisible = 0;
			defaultConfigurationName = Release;
		};
		5089E66221AB3830005E2A7A /* Build configuration list for PBXNativeTarget "VKMemsClient" */ = {
			isa = XCConfigurationList;
			buildConfigurations = (
				5089E66321AB3830005E2A7A /* Debug */,
				5089E66421AB3830005E2A7A /* Release */,
			);
			defaultConfigurationIsVisible = 0;
			defaultConfigurationName = Release;
		};
/* End XCConfigurationList section */
	};
	rootObject = 5089E64821AB382F005E2A7A /* Project object */;
}
